# This file was autogenerated by uv via the following command:
#    uv pip compile pyproject.toml --python-version 3.11 --python-platform x86_64-unknown-linux-gnu --exclude-newer 2026-06-11T12:00:00Z -o requirements.lock
annotated-doc==0.0.4
    # via fastapi
annotated-types==0.7.0
    # via pydantic
anyio==4.13.0
    # via starlette
aws-msk-iam-sasl-signer-python==1.0.2
    # via diaspora-service (pyproject.toml)
blinker==1.9.0
    # via flask
boto3==1.43.27
    # via
    #   diaspora-service (pyproject.toml)
    #   aws-msk-iam-sasl-signer-python
botocore==1.43.27
    # via
    #   aws-msk-iam-sasl-signer-python
    #   boto3
    #   s3transfer
cachetools==7.1.4
    # via diaspora-service (pyproject.toml)
certifi==2026.5.20
    # via requests
cffi==2.0.0
    # via cryptography
charset-normalizer==3.4.7
    # via requests
click==8.4.1
    # via
    #   aws-msk-iam-sasl-signer-python
    #   flask
    #   uvicorn
cryptography==48.0.1
    # via
    #   globus-sdk
    #   pyjwt
diaspora-event-sdk==0.4.7
    # via diaspora-service (pyproject.toml)
fastapi==0.136.3
    # via diaspora-service (pyproject.toml)
flask==3.1.3
    # via diaspora-service (pyproject.toml)
globus-sdk==4.8.0
    # via
    #   diaspora-service (pyproject.toml)
    #   diaspora-event-sdk
gunicorn==26.0.0
    # via diaspora-service (pyproject.toml)
h11==0.16.0
    # via uvicorn
idna==3.18
    # via
    #   anyio
    #   requests
itsdangerous==2.2.0
    # via flask
jinja2==3.1.6
    # via
    #   diaspora-service (pyproject.toml)
    #   flask
jmespath==1.1.0
    # via
    #   boto3
    #   botocore
kafka-python==2.3.2
    # via diaspora-service (pyproject.toml)
markupsafe==3.0.3
    # via
    #   flask
    #   jinja2
    #   werkzeug
packaging==26.2
    # via gunicorn
pycparser==3.0
    # via cffi
pydantic==2.13.4
    # via
    #   diaspora-service (pyproject.toml)
    #   fastapi
pydantic-core==2.46.4
    # via pydantic
pyjwt==2.13.0
    # via globus-sdk
python-dateutil==2.9.0.post0
    # via botocore
requests==2.34.2
    # via
    #   diaspora-service (pyproject.toml)
    #   globus-sdk
s3transfer==0.18.0
    # via boto3
six==1.17.0
    # via python-dateutil
starlette==1.3.0
    # via fastapi
typing-extensions==4.15.0
    # via
    #   anyio
    #   fastapi
    #   pydantic
    #   pydantic-core
    #   starlette
    #   typing-inspection
typing-inspection==0.4.2
    # via
    #   fastapi
    #   pydantic
urllib3==2.7.0
    # via
    #   botocore
    #   requests
uvicorn==0.49.0
    # via diaspora-service (pyproject.toml)
werkzeug==3.1.8
    # via flask
